// !$*UTF8*$!
{
	archiveVersion = 1;
	classes = {
	};
	objectVersion = 56;
	objects = {

/* Begin PBXBuildFile section */
		CB8C19D32A5FB7FA00D724D4 /* MarvelApp.swift in Sources */ = {isa = PBXBuildFile; fileRef = CB8C19D22A5FB7FA00D724D4 /* MarvelApp.swift */; };
		CB8C19D52A5FB7FA00D724D4 /* ContentView.swift in Sources */ = {isa = PBXBuildFile; fileRef = CB8C19D42A5FB7FA00D724D4 /* ContentView.swift */; };
		CB8C19D72A5FB7FA00D724D4 /* Assets.xcassets in Resources */ = {isa = PBXBuildFile; fileRef = CB8C19D62A5FB7FA00D724D4 /* Assets.xcassets */; };
		CB8C19DA2A5FB7FA00D724D4 /* Preview Assets.xcassets in Resources */ = {isa = PBXBuildFile; fileRef = CB8C19D92A5FB7FA00D724D4 /* Preview Assets.xcassets */; };
		CB8C19E22A5FB81500D724D4 /* SDWebImageSwiftUI in Frameworks */ = {isa = PBXBuildFile; productRef = CB8C19E12A5FB81500D724D4 /* SDWebImageSwiftUI */; };
		CB8C19E52A5FB8BF00D724D4 /* Credentials.swift in Sources */ = {isa = PBXBuildFile; fileRef = CB8C19E42A5FB8BF00D724D4 /* Credentials.swift */; };
		CB8C19EA2A5FB90D00D724D4 /* Home.swift in Sources */ = {isa = PBXBuildFile; fileRef = CB8C19E92A5FB90D00D724D4 /* Home.swift */; };
		CB8C19EC2A5FB96F00D724D4 /* HomeViewModel.swift in Sources */ = {isa = PBXBuildFile; fileRef = CB8C19EB2A5FB96F00D724D4 /* HomeViewModel.swift */; };
		CB8C19EE2A5FB9C200D724D4 /* CharactersView.swift in Sources */ = {isa = PBXBuildFile; fileRef = CB8C19ED2A5FB9C200D724D4 /* CharactersView.swift */; };
		CB8C19F02A5FBD5000D724D4 /* Character.swift in Sources */ = {isa = PBXBuildFile; fileRef = CB8C19EF2A5FBD5000D724D4 /* Character.swift */; };
		CB8C19F32A5FC8D400D724D4 /* WebView.swift in Sources */ = {isa = PBXBuildFile; fileRef = CB8C19F22A5FC8D400D724D4 /* WebView.swift */; };
		CB8C19F52A5FCA9000D724D4 /* Comic.swift in Sources */ = {isa = PBXBuildFile; fileRef = CB8C19F42A5FCA9000D724D4 /* Comic.swift */; };
		CB8C19F72A5FCC1400D724D4 /* ComicsView.swift in Sources */ = {isa = PBXBuildFile; fileRef = CB8C19F62A5FCC1400D724D4 /* ComicsView.swift */; };
/* End PBXBuildFile section */

/* Begin PBXFileReference section */
		CB8C19CF2A5FB7FA00D724D4 /* Marvel.app */ = {isa = PBXFileReference; explicitFileType = wrapper.application; includeInIndex = 0; path = Marvel.app; sourceTree = BUILT_PRODUCTS_DIR; };
		CB8C19D22A5FB7FA00D724D4 /* MarvelApp.swift */ = {isa = PBXFileReference; lastKnownFileType = sourcecode.swift; path = MarvelApp.swift; sourceTree = "<group>"; };
		CB8C19D42A5FB7FA00D724D4 /* ContentView.swift */ = {isa = PBXFileReference; lastKnownFileType = sourcecode.swift; path = ContentView.swift; sourceTree = "<group>"; };
		CB8C19D62A5FB7FA00D724D4 /* Assets.xcassets */ = {isa = PBXFileReference; lastKnownFileType = folder.assetcatalog; path = Assets.xcassets; sourceTree = "<group>"; };
		CB8C19D92A5FB7FA00D724D4 /* Preview Assets.xcassets */ = {isa = PBXFileReference; lastKnownFileType = folder.assetcatalog; path = "Preview Assets.xcassets"; sourceTree = "<group>"; };
		CB8C19E42A5FB8BF00D724D4 /* Credentials.swift */ = {isa = PBXFileReference; lastKnownFileType = sourcecode.swift; path = Credentials.swift; sourceTree = "<group>"; };
		CB8C19E92A5FB90D00D724D4 /* Home.swift */ = {isa = PBXFileReference; lastKnownFileType = sourcecode.swift; path = Home.swift; sourceTree = "<group>"; };
		CB8C19EB2A5FB96F00D724D4 /* HomeViewModel.swift */ = {isa = PBXFileReference; lastKnownFileType = sourcecode.swift; path = HomeViewModel.swift; sourceTree = "<group>"; };
		CB8C19ED2A5FB9C200D724D4 /* CharactersView.swift */ = {isa = PBXFileReference; lastKnownFileType = sourcecode.swift; path = CharactersView.swift; sourceTree = "<group>"; };
		CB8C19EF2A5FBD5000D724D4 /* Character.swift */ = {isa = PBXFileReference; lastKnownFileType = sourcecode.swift; path = Character.swift; sourceTree = "<group>"; };
		CB8C19F12A5FC84000D724D4 /* Info.plist */ = {isa = PBXFileReference; lastKnownFileType = text.plist; path = Info.plist; sourceTree = "<group>"; };
		CB8C19F22A5FC8D400D724D4 /* WebView.swift */ = {isa = PBXFileReference; lastKnownFileType = sourcecode.swift; path = WebView.swift; sourceTree = "<group>"; };
		CB8C19F42A5FCA9000D724D4 /* Comic.swift */ = {isa = PBXFileReference; lastKnownFileType = sourcecode.swift; path = Comic.swift; sourceTree = "<group>"; };
		CB8C19F62A5FCC1400D724D4 /* ComicsView.swift */ = {isa = PBXFileReference; lastKnownFileType = sourcecode.swift; path = ComicsView.swift; sourceTree = "<group>"; };
/* End PBXFileReference section */

/* Begin PBXFrameworksBuildPhase section */
		CB8C19CC2A5FB7FA00D724D4 /* Frameworks */ = {
			isa = PBXFrameworksBuildPhase;
			buildActionMask = 2147483647;
			files = (
				CB8C19E22A5FB81500D724D4 /* SDWebImageSwiftUI in Frameworks */,
			);
			runOnlyForDeploymentPostprocessing = 0;
		};
/* End PBXFrameworksBuildPhase section */

/* Begin PBXGroup section */
		CB8C19C62A5FB7FA00D724D4 = {
			isa = PBXGroup;
			children = (
				CB8C19D12A5FB7FA00D724D4 /* Marvel */,
				CB8C19D02A5FB7FA00D724D4 /* Products */,
			);
			sourceTree = "<group>";
		};
		CB8C19D02A5FB7FA00D724D4 /* Products */ = {
			isa = PBXGroup;
			children = (
				CB8C19CF2A5FB7FA00D724D4 /* Marvel.app */,
			);
			name = Products;
			sourceTree = "<group>";
		};
		CB8C19D12A5FB7FA00D724D4 /* Marvel */ = {
			isa = PBXGroup;
			children = (
				CB8C19F12A5FC84000D724D4 /* Info.plist */,
				CB8C19E82A5FB90200D724D4 /* ViewModel */,
				CB8C19E72A5FB8F800D724D4 /* Model */,
				CB8C19E62A5FB8F400D724D4 /* View */,
				CB8C19D22A5FB7FA00D724D4 /* MarvelApp.swift */,
				CB8C19D42A5FB7FA00D724D4 /* ContentView.swift */,
				CB8C19E42A5FB8BF00D724D4 /* Credentials.swift */,
				CB8C19D62A5FB7FA00D724D4 /* Assets.xcassets */,
				CB8C19D82A5FB7FA00D724D4 /* Preview Content */,
			);
			path = Marvel;
			sourceTree = "<group>";
		};
		CB8C19D82A5FB7FA00D724D4 /* Preview Content */ = {
			isa = PBXGroup;
			children = (
				CB8C19D92A5FB7FA00D724D4 /* Preview Assets.xcassets */,
			);
			path = "Preview Content";
			sourceTree = "<group>";
		};
		CB8C19E62A5FB8F400D724D4 /* View */ = {
			isa = PBXGroup;
			children = (
				CB8C19E92A5FB90D00D724D4 /* Home.swift */,
				CB8C19ED2A5FB9C200D724D4 /* CharactersView.swift */,
				CB8C19F22A5FC8D400D724D4 /* WebView.swift */,
				CB8C19F62A5FCC1400D724D4 /* ComicsView.swift */,
			);
			path = View;
			sourceTree = "<group>";
		};
		CB8C19E72A5FB8F800D724D4 /* Model */ = {
			isa = PBXGroup;
			children = (
				CB8C19EF2A5FBD5000D724D4 /* Character.swift */,
				CB8C19F42A5FCA9000D724D4 /* Comic.swift */,
			);
			path = Model;
			sourceTree = "<group>";
		};
		CB8C19E82A5FB90200D724D4 /* ViewModel */ = {
			isa = PBXGroup;
			children = (
				CB8C19EB2A5FB96F00D724D4 /* HomeViewModel.swift */,
			);
			path = ViewModel;
			sourceTree = "<group>";
		};
/* End PBXGroup section */

/* Begin PBXNativeTarget section */
		CB8C19CE2A5FB7FA00D724D4 /* Marvel */ = {
			isa = PBXNativeTarget;
			buildConfigurationList = CB8C19DD2A5FB7FA00D724D4 /* Build configuration list for PBXNativeTarget "Marvel" */;
			buildPhases = (
				CB8C19CB2A5FB7FA00D724D4 /* Sources */,
				CB8C19CC2A5FB7FA00D724D4 /* Frameworks */,
				CB8C19CD2A5FB7FA00D724D4 /* Resources */,
			);
			buildRules = (
			);
			dependencies = (
			);
			name = Marvel;
			packageProductDependencies = (
				CB8C19E12A5FB81500D724D4 /* SDWebImageSwiftUI */,
			);
			productName = Marvel;
			productReference = CB8C19CF2A5FB7FA00D724D4 /* Marvel.app */;
			productType = "com.apple.product-type.application";
		};
/* End PBXNativeTarget section */

/* Begin PBXProject section */
		CB8C19C72A5FB7FA00D724D4 /* Project object */ = {
			isa = PBXProject;
			attributes = {
				BuildIndependentTargetsInParallel = 1;
				LastSwiftUpdateCheck = 1430;
				LastUpgradeCheck = 1430;
				TargetAttributes = {
					CB8C19CE2A5FB7FA00D724D4 = {
						CreatedOnToolsVersion = 14.3.1;
					};
				};
			};
			buildConfigurationList = CB8C19CA2A5FB7FA00D724D4 /* Build configuration list for PBXProject "Marvel" */;
			compatibilityVersion = "Xcode 14.0";
			developmentRegion = en;
			hasScannedForEncodings = 0;
			knownRegions = (
				en,
				Base,
			);
			mainGroup = CB8C19C62A5FB7FA00D724D4;
			packageReferences = (
				CB8C19E02A5FB81500D724D4 /* XCRemoteSwiftPackageReference "SDWebImageSwiftUI" */,
			);
			productRefGroup = CB8C19D02A5FB7FA00D724D4 /* Products */;
			projectDirPath = "";
			projectRoot = "";
			targets = (
				CB8C19CE2A5FB7FA00D724D4 /* Marvel */,
			);
		};
/* End PBXProject section */

/* Begin PBXResourcesBuildPhase section */
		CB8C19CD2A5FB7FA00D724D4 /* Resources */ = {
			isa = PBXResourcesBuildPhase;
			buildActionMask = 2147483647;
			files = (
				CB8C19DA2A5FB7FA00D724D4 /* Preview Assets.xcassets in Resources */,
				CB8C19D72A5FB7FA00D724D4 /* Assets.xcassets in Resources */,
			);
			runOnlyForDeploymentPostprocessing = 0;
		};
/* End PBXResourcesBuildPhase section */

/* Begin PBXSourcesBuildPhase section */
		CB8C19CB2A5FB7FA00D724D4 /* Sources */ = {
			isa = PBXSourcesBuildPhase;
			buildActionMask = 2147483647;
			files = (
				CB8C19E52A5FB8BF00D724D4 /* Credentials.swift in Sources */,
				CB8C19F32A5FC8D400D724D4 /* WebView.swift in Sources */,
				CB8C19D52A5FB7FA00D724D4 /* ContentView.swift in Sources */,
				CB8C19F02A5FBD5000D724D4 /* Character.swift in Sources */,
				CB8C19EE2A5FB9C200D724D4 /* CharactersView.swift in Sources */,
				CB8C19EA2A5FB90D00D724D4 /* Home.swift in Sources */,
				CB8C19F72A5FCC1400D724D4 /* ComicsView.swift in Sources */,
				CB8C19EC2A5FB96F00D724D4 /* HomeViewModel.swift in Sources */,
				CB8C19F52A5FCA9000D724D4 /* Comic.swift in Sources */,
				CB8C19D32A5FB7FA00D724D4 /* MarvelApp.swift in Sources */,
			);
			runOnlyForDeploymentPostprocessing = 0;
		};
/* End PBXSourcesBuildPhase section */

/* Begin XCBuildConfiguration section */
		CB8C19DB2A5FB7FA00D724D4 /* Debug */ = {
			isa = XCBuildConfiguration;
			buildSettings = {
				ALWAYS_SEARCH_USER_PATHS = NO;
				CLANG_ANALYZER_NONNULL = YES;
				CLANG_ANALYZER_NUMBER_OBJECT_CONVERSION = YES_AGGRESSIVE;
				CLANG_CXX_LANGUAGE_STANDARD = "gnu++20";
				CLANG_ENABLE_MODULES = YES;
				CLANG_ENABLE_OBJC_ARC = YES;
				CLANG_ENABLE_OBJC_WEAK = YES;
				CLANG_WARN_BLOCK_CAPTURE_AUTORELEASING = YES;
				CLANG_WARN_BOOL_CONVERSION = YES;
				CLANG_WARN_COMMA = YES;
				CLANG_WARN_CONSTANT_CONVERSION = YES;
				CLANG_WARN_DEPRECATED_OBJC_IMPLEMENTATIONS = YES;
				CLANG_WARN_DIRECT_OBJC_ISA_USAGE = YES_ERROR;
				CLANG_WARN_DOCUMENTATION_COMMENTS = YES;
				CLANG_WARN_EMPTY_BODY = YES;
				CLANG_WARN_ENUM_CONVERSION = YES;
				CLANG_WARN_INFINITE_RECURSION = YES;
				CLANG_WARN_INT_CONVERSION = YES;
				CLANG_WARN_NON_LITERAL_NULL_CONVERSION = YES;
				CLANG_WARN_OBJC_IMPLICIT_RETAIN_SELF = YES;
				CLANG_WARN_OBJC_LITERAL_CONVERSION = YES;
				CLANG_WARN_OBJC_ROOT_CLASS = YES_ERROR;
				CLANG_WARN_QUOTED_INCLUDE_IN_FRAMEWORK_HEADER = YES;
				CLANG_WARN_RANGE_LOOP_ANALYSIS = YES;
				CLANG_WARN_STRICT_PROTOTYPES = YES;
				CLANG_WARN_SUSPICIOUS_MOVE = YES;
				CLANG_WARN_UNGUARDED_AVAILABILITY = YES_AGGRESSIVE;
				CLANG_WARN_UNREACHABLE_CODE = YES;
				CLANG_WARN__DUPLICATE_METHOD_MATCH = YES;
				COPY_PHASE_STRIP = NO;
				DEBUG_INFORMATION_FORMAT = dwarf;
				ENABLE_STRICT_OBJC_MSGSEND = YES;
				ENABLE_TESTABILITY = YES;
				GCC_C_LANGUAGE_STANDARD = gnu11;
				GCC_DYNAMIC_NO_PIC = NO;
				GCC_NO_COMMON_BLOCKS = YES;
				GCC_OPTIMIZATION_LEVEL = 0;
				GCC_PREPROCESSOR_DEFINITIONS = (
					"DEBUG=1",
					"$(inherited)",
				);
				GCC_WARN_64_TO_32_BIT_CONVERSION = YES;
				GCC_WARN_ABOUT_RETURN_TYPE = YES_ERROR;
				GCC_WARN_UNDECLARED_SELECTOR = YES;
				GCC_WARN_UNINITIALIZED_AUTOS = YES_AGGRESSIVE;
				GCC_WARN_UNUSED_FUNCTION = YES;
				GCC_WARN_UNUSED_VARIABLE = YES;
				IPHONEOS_DEPLOYMENT_TARGET = 16.4;
				MTL_ENABLE_DEBUG_INFO = INCLUDE_SOURCE;
				MTL_FAST_MATH = YES;
				ONLY_ACTIVE_ARCH = YES;
				SDKROOT = iphoneos;
				SWIFT_ACTIVE_COMPILATION_CONDITIONS = DEBUG;
				SWIFT_OPTIMIZATION_LEVEL = "-Onone";
			};
			name = Debug;
		};
		CB8C19DC2A5FB7FA00D724D4 /* Release */ = {
			isa = XCBuildConfiguration;
			buildSettings = {
				ALWAYS_SEARCH_USER_PATHS = NO;
				CLANG_ANALYZER_NONNULL = YES;
				CLANG_ANALYZER_NUMBER_OBJECT_CONVERSION = YES_AGGRESSIVE;
				CLANG_CXX_LANGUAGE_STANDARD = "gnu++20";
				CLANG_ENABLE_MODULES = YES;
				CLANG_ENABLE_OBJC_ARC = YES;
				CLANG_ENABLE_OBJC_WEAK = YES;
				CLANG_WARN_BLOCK_CAPTURE_AUTORELEASING = YES;
				CLANG_WARN_BOOL_CONVERSION = YES;
				CLANG_WARN_COMMA = YES;
				CLANG_WARN_CONSTANT_CONVERSION = YES;
				CLANG_WARN_DEPRECATED_OBJC_IMPLEMENTATIONS = YES;
				CLANG_WARN_DIRECT_OBJC_ISA_USAGE = YES_ERROR;
				CLANG_WARN_DOCUMENTATION_COMMENTS = YES;
				CLANG_WARN_EMPTY_BODY = YES;
				CLANG_WARN_ENUM_CONVERSION = YES;
				CLANG_WARN_INFINITE_RECURSION = YES;
				CLANG_WARN_INT_CONVERSION = YES;
				CLANG_WARN_NON_LITERAL_NULL_CONVERSION = YES;
				CLANG_WARN_OBJC_IMPLICIT_RETAIN_SELF = YES;
				CLANG_WARN_OBJC_LITERAL_CONVERSION = YES;
				CLANG_WARN_OBJC_ROOT_CLASS = YES_ERROR;
				CLANG_WARN_QUOTED_INCLUDE_IN_FRAMEWORK_HEADER = YES;
				CLANG_WARN_RANGE_LOOP_ANALYSIS = YES;
				CLANG_WARN_STRICT_PROTOTYPES = YES;
				CLANG_WARN_SUSPICIOUS_MOVE = YES;
				CLANG_WARN_UNGUARDED_AVAILABILITY = YES_AGGRESSIVE;
				CLANG_WARN_UNREACHABLE_CODE = YES;
				CLANG_WARN__DUPLICATE_METHOD_MATCH = YES;
				COPY_PHASE_STRIP = NO;
				DEBUG_INFORMATION_FORMAT = "dwarf-with-dsym";
				ENABLE_NS_ASSERTIONS = NO;
				ENABLE_STRICT_OBJC_MSGSEND = YES;
				GCC_C_LANGUAGE_STANDARD = gnu11;
				GCC_NO_COMMON_BLOCKS = YES;
				GCC_WARN_64_TO_32_BIT_CONVERSION = YES;
				GCC_WARN_ABOUT_RETURN_TYPE = YES_ERROR;
				GCC_WARN_UNDECLARED_SELECTOR = YES;
				GCC_WARN_UNINITIALIZED_AUTOS = YES_AGGRESSIVE;
				GCC_WARN_UNUSED_FUNCTION = YES;
				GCC_WARN_UNUSED_VARIABLE = YES;
				IPHONEOS_DEPLOYMENT_TARGET = 16.4;
				MTL_ENABLE_DEBUG_INFO = NO;
				MTL_FAST_MATH = YES;
				SDKROOT = iphoneos;
				SWIFT_COMPILATION_MODE = wholemodule;
				SWIFT_OPTIMIZATION_LEVEL = "-O";
				VALIDATE_PRODUCT = YES;
			};
			name = Release;
		};
		CB8C19DE2A5FB7FA00D724D4 /* Debug */ = {
			isa = XCBuildConfiguration;
			buildSettings = {
				ASSETCATALOG_COMPILER_APPICON_NAME = AppIcon;
				ASSETCATALOG_COMPILER_GLOBAL_ACCENT_COLOR_NAME = AccentColor;
				CODE_SIGN_STYLE = Automatic;
				CURRENT_PROJECT_VERSION = 1;
				DEVELOPMENT_ASSET_PATHS = "\"Marvel/Preview Content\"";
				DEVELOPMENT_TEAM = 3Y8YH8GWMM;
				ENABLE_PREVIEWS = YES;
				GENERATE_INFOPLIST_FILE = YES;
				INFOPLIST_FILE = Marvel/Info.plist;
				INFOPLIST_KEY_UIApplicationSceneManifest_Generation = YES;
				INFOPLIST_KEY_UIApplicationSupportsIndirectInputEvents = YES;
				INFOPLIST_KEY_UILaunchScreen_Generation = YES;
				INFOPLIST_KEY_UISupportedInterfaceOrientations_iPad = "UIInterfaceOrientationPortrait UIInterfaceOrientationPortraitUpsideDown UIInterfaceOrientationLandscapeLeft UIInterfaceOrientationLandscapeRight";
				INFOPLIST_KEY_UISupportedInterfaceOrientations_iPhone = "UIInterfaceOrientationPortrait UIInterfaceOrientationLandscapeLeft UIInterfaceOrientationLandscapeRight";
				LD_RUNPATH_SEARCH_PATHS = (
					"$(inherited)",
					"@executable_path/Frameworks",
				);
				MARKETING_VERSION = 1.0;
				PRODUCT_BUNDLE_IDENTIFIER = com.coby.Marvel;
				PRODUCT_NAME = "$(TARGET_NAME)";
				SWIFT_EMIT_LOC_STRINGS = YES;
				SWIFT_VERSION = 5.0;
				TARGETED_DEVICE_FAMILY = "1,2";
			};
			name = Debug;
		};
		CB8C19DF2A5FB7FA00D724D4 /* Release */ = {
			isa = XCBuildConfiguration;
			buildSettings = {
				ASSETCATALOG_COMPILER_APPICON_NAME = AppIcon;
				ASSETCATALOG_COMPILER_GLOBAL_ACCENT_COLOR_NAME = AccentColor;
				CODE_SIGN_STYLE = Automatic;
				CURRENT_PROJECT_VERSION = 1;
				DEVELOPMENT_ASSET_PATHS = "\"Marvel/Preview Content\"";
				DEVELOPMENT_TEAM = 3Y8YH8GWMM;
				ENABLE_PREVIEWS = YES;
				GENERATE_INFOPLIST_FILE = YES;
				INFOPLIST_FILE = Marvel/Info.plist;
				INFOPLIST_KEY_UIApplicationSceneManifest_Generation = YES;
				INFOPLIST_KEY_UIApplicationSupportsIndirectInputEvents = YES;
				INFOPLIST_KEY_UILaunchScreen_Generation = YES;
				INFOPLIST_KEY_UISupportedInterfaceOrientations_iPad = "UIInterfaceOrientationPortrait UIInterfaceOrientationPortraitUpsideDown UIInterfaceOrientationLandscapeLeft UIInterfaceOrientationLandscapeRight";
				INFOPLIST_KEY_UISupportedInterfaceOrientations_iPhone = "UIInterfaceOrientationPortrait UIInterfaceOrientationLandscapeLeft UIInterfaceOrientationLandscapeRight";
				LD_RUNPATH_SEARCH_PATHS = (
					"$(inherited)",
					"@executable_path/Frameworks",
				);
				MARKETING_VERSION = 1.0;
				PRODUCT_BUNDLE_IDENTIFIER = com.coby.Marvel;
				PRODUCT_NAME = "$(TARGET_NAME)";
				SWIFT_EMIT_LOC_STRINGS = YES;
				SWIFT_VERSION = 5.0;
				TARGETED_DEVICE_FAMILY = "1,2";
			};
			name = Release;
		};
/* End XCBuildConfiguration section */

/* Begin XCConfigurationList section */
		CB8C19CA2A5FB7FA00D724D4 /* Build configuration list for PBXProject "Marvel" */ = {
			isa = XCConfigurationList;
			buildConfigurations = (
				CB8C19DB2A5FB7FA00D724D4 /* Debug */,
				CB8C19DC2A5FB7FA00D724D4 /* Release */,
			);
			defaultConfigurationIsVisible = 0;
			defaultConfigurationName = Release;
		};
		CB8C19DD2A5FB7FA00D724D4 /* Build configuration list for PBXNativeTarget "Marvel" */ = {
			isa = XCConfigurationList;
			buildConfigurations = (
				CB8C19DE2A5FB7FA00D724D4 /* Debug */,
				CB8C19DF2A5FB7FA00D724D4 /* Release */,
			);
			defaultConfigurationIsVisible = 0;
			defaultConfigurationName = Release;
		};
/* End XCConfigurationList section */

/* Begin XCRemoteSwiftPackageReference section */
		CB8C19E02A5FB81500D724D4 /* XCRemoteSwiftPackageReference "SDWebImageSwiftUI" */ = {
			isa = XCRemoteSwiftPackageReference;
			repositoryURL = "https://github.com/SDWebImage/SDWebImageSwiftUI.git";
			requirement = {
				kind = upToNextMajorVersion;
				minimumVersion = 2.0.0;
			};
		};
/* End XCRemoteSwiftPackageReference section */

/* Begin XCSwiftPackageProductDependency section */
		CB8C19E12A5FB81500D724D4 /* SDWebImageSwiftUI */ = {
			isa = XCSwiftPackageProductDependency;
			package = CB8C19E02A5FB81500D724D4 /* XCRemoteSwiftPackageReference "SDWebImageSwiftUI" */;
			productName = SDWebImageSwiftUI;
		};
/* End XCSwiftPackageProductDependency section */
	};
	rootObject = CB8C19C72A5FB7FA00D724D4 /* Project object */;
}
